{
  "name": "php-cgi-wasm-node-demo",
  "version": "0.0.0",
  "lockfileVersion": 3,
  "requires": true,
  "packages": {
    "": {
      "name": "php-cgi-wasm-node-demo",
      "version": "0.0.0",
      "dependencies": {
        "php-cgi-wasm": "../packages/php-cgi-wasm",
        "php-wasm-dom": "../packages/dom",
        "php-wasm-gd": "../packages/gd",
        "php-wasm-iconv": "../packages/iconv",
        "php-wasm-intl": "../packages/intl",
        "php-wasm-libxml": "../packages/libxml",
        "php-wasm-libzip": "../packages/libzip",
        "php-wasm-mbstring": "../packages/mbstring",
        "php-wasm-openssl": "../packages/openssl",
        "php-wasm-phar": "../packages/phar",
        "php-wasm-simplexml": "../packages/simplexml",
        "php-wasm-sqlite": "../packages/sqlite",
        "php-wasm-tidy": "../packages/tidy",
        "php-wasm-xml": "../packages/xml",
        "php-wasm-yaml": "../packages/libyaml",
        "php-wasm-zlib": "../packages/zlib"
      }
    },
    "../packages/dom": {
      "name": "php-wasm-dom",
      "version": "0.0.9-alpha-32"
    },
    "../packages/gd": {
      "name": "php-wasm-gd",
      "version": "0.0.9-alpha-32"
    },
    "../packages/iconv": {
      "name": "php-wasm-iconv",
      "version": "0.0.9-alpha-32"
    },
    "../packages/intl": {
      "name": "php-wasm-intl",
      "version": "0.0.9-alpha-32"
    },
    "../packages/libxml": {
      "name": "php-wasm-libxml",
      "version": "0.0.9-alpha-32"
    },
    "../packages/libyaml": {
      "name": "php-wasm-yaml",
      "version": "0.0.9-alpha-32"
    },
    "../packages/libzip": {
      "name": "php-wasm-libzip",
      "version": "0.0.9-alpha-32"
    },
    "../packages/mbstring": {
      "name": "php-wasm-mbstring",
      "version": "0.0.9-alpha-32"
    },
    "../packages/openssl": {
      "name": "php-wasm-openssl",
      "version": "0.0.9-alpha-32"
    },
    "../packages/phar": {
      "name": "php-wasm-phar",
      "version": "0.0.9-alpha-32"
    },
    "../packages/php-cgi-wasm": {
      "version": "0.0.9-alpha-32",
      "license": "Apache-2.0"
    },
    "../packages/simplexml": {
      "name": "php-wasm-simplexml",
      "version": "0.0.9-alpha-32"
    },
    "../packages/sqlite": {
      "name": "php-wasm-sqlite",
      "version": "0.0.9-alpha-32"
    },
    "../packages/tidy": {
      "name": "php-wasm-tidy",
      "version": "0.0.9-alpha-32"
    },
    "../packages/xml": {
      "name": "php-wasm-xml",
      "version": "0.0.9-alpha-32"
    },
    "../packages/zlib": {
      "name": "php-wasm-zlib",
      "version": "0.0.9-alpha-32"
    },
    "node_modules/php-cgi-wasm": {
      "resolved": "../packages/php-cgi-wasm",
      "link": true
    },
    "node_modules/php-wasm-dom": {
      "resolved": "../packages/dom",
      "link": true
    },
    "node_modules/php-wasm-gd": {
      "resolved": "../packages/gd",
      "link": true
    },
    "node_modules/php-wasm-iconv": {
      "resolved": "../packages/iconv",
      "link": true
    },
    "node_modules/php-wasm-intl": {
      "resolved": "../packages/intl",
      "link": true
    },
    "node_modules/php-wasm-libxml": {
      "resolved": "../packages/libxml",
      "link": true
    },
    "node_modules/php-wasm-libzip": {
      "resolved": "../packages/libzip",
      "link": true
    },
    "node_modules/php-wasm-mbstring": {
      "resolved": "../packages/mbstring",
      "link": true
    },
    "node_modules/php-wasm-openssl": {
      "resolved": "../packages/openssl",
      "link": true
    },
    "node_modules/php-wasm-phar": {
      "resolved": "../packages/phar",
      "link": true
    },
    "node_modules/php-wasm-simplexml": {
      "resolved": "../packages/simplexml",
      "link": true
    },
    "node_modules/php-wasm-sqlite": {
      "resolved": "../packages/sqlite",
      "link": true
    },
    "node_modules/php-wasm-tidy": {
      "resolved": "../packages/tidy",
      "link": true
    },
    "node_modules/php-wasm-xml": {
      "resolved": "../packages/xml",
      "link": true
    },
    "node_modules/php-wasm-yaml": {
      "resolved": "../packages/libyaml",
      "link": true
    },
    "node_modules/php-wasm-zlib": {
      "resolved": "../packages/zlib",
      "link": true
    }
  }
}
